
Microsoft Visual Studio Solution File, Format Version 12.00
# Visual Studio Version 17
VisualStudioVersion = 17.7.34202.233
MinimumVisualStudioVersion = 10.0.40219.1
Project("{FAE04EC0-301F-11D3-BF4B-00C04F79EFBC}") = "LDAP Connector", "LDAP Connector\LDAP Connector.csproj", "{1535D1F9-5037-4F7B-B4C1-DCD6A4DEB9A1}"
EndProject
Project("{FAE04EC0-301F-11D3-BF4B-00C04F79EFBC}") = "ConsoleTest", "ConsoleTest\ConsoleTest.csproj", "{F04B9332-C822-4758-91BA-12844FAE72EA}"
EndProject
Global
	GlobalSection(SolutionConfigurationPlatforms) = preSolution
		Debug|Any CPU = Debug|Any CPU
		Release|Any CPU = Release|Any CPU
	EndGlobalSection
	GlobalSection(ProjectConfigurationPlatforms) = postSolution
		{1535D1F9-5037-4F7B-B4C1-DCD6A4DEB9A1}.Debug|Any CPU.ActiveCfg = Debug|Any CPU
		{1535D1F9-5037-4F7B-B4C1-DCD6A4DEB9A1}.Debug|Any CPU.Build.0 = Debug|Any CPU
		{1535D1F9-5037-4F7B-B4C1-DCD6A4DEB9A1}.Release|Any CPU.ActiveCfg = Release|Any CPU
		{1535D1F9-5037-4F7B-B4C1-DCD6A4DEB9A1}.Release|Any CPU.Build.0 = Release|Any CPU
		{F04B9332-C822-4758-91BA-12844FAE72EA}.Debug|Any CPU.ActiveCfg = Debug|Any CPU
		{F04B9332-C822-4758-91BA-12844FAE72EA}.Debug|Any CPU.Build.0 = Debug|Any CPU
		{F04B9332-C822-4758-91BA-12844FAE72EA}.Release|Any CPU.ActiveCfg = Release|Any CPU
		{F04B9332-C822-4758-91BA-12844FAE72EA}.Release|Any CPU.Build.0 = Release|Any CPU
	EndGlobalSection
	GlobalSection(SolutionProperties) = preSolution
		HideSolutionNode = FALSE
	EndGlobalSection
	GlobalSection(ExtensibilityGlobals) = postSolution
		SolutionGuid = {09656897-1BD6-44C1-B862-F9220AD023D3}
	EndGlobalSection
EndGlobal
